
Microsoft Visual Studio Solution File, Format Version 12.00
# Visual Studio Version 17
VisualStudioVersion = 17.0.32002.185
MinimumVisualStudioVersion = 10.0.40219.1
Project("{9A19103F-16F7-4668-BE54-9A1E7A4F7556}") = "Module", "Module\Module.csproj", "{B7A2B102-CF87-4641-A66E-C0FB6F82C448}"
EndProject
Project("{9A19103F-16F7-4668-BE54-9A1E7A4F7556}") = "Warehouse", "..\..\Warehouse\Warehouse\Warehouse.csproj", "{CA8EADB5-38D8-4AF8-B530-EE9CE8FA2897}"
EndProject
Project("{9A19103F-16F7-4668-BE54-9A1E7A4F7556}") = "ModuleTests", "ModuleTests\ModuleTests.csproj", "{9C19DDDB-5BA4-4CFB-BED5-05330E3D6E5C}"
EndProject
Project("{FAE04EC0-301F-11D3-BF4B-00C04F79EFBC}") = "TestTrigger", "TestTrigger\TestTrigger.csproj", "{C79BECBA-E272-43ED-BDA1-F38C33545E8F}"
EndProject
Global
	GlobalSection(SolutionConfigurationPlatforms) = preSolution
		Debug|Any CPU = Debug|Any CPU
		Release|Any CPU = Release|Any CPU
	EndGlobalSection
	GlobalSection(ProjectConfigurationPlatforms) = postSolution
		{B7A2B102-CF87-4641-A66E-C0FB6F82C448}.Debug|Any CPU.ActiveCfg = Debug|Any CPU
		{B7A2B102-CF87-4641-A66E-C0FB6F82C448}.Debug|Any CPU.Build.0 = Debug|Any CPU
		{B7A2B102-CF87-4641-A66E-C0FB6F82C448}.Release|Any CPU.ActiveCfg = Release|Any CPU
		{B7A2B102-CF87-4641-A66E-C0FB6F82C448}.Release|Any CPU.Build.0 = Release|Any CPU
		{CA8EADB5-38D8-4AF8-B530-EE9CE8FA2897}.Debug|Any CPU.ActiveCfg = Debug|Any CPU
		{CA8EADB5-38D8-4AF8-B530-EE9CE8FA2897}.Debug|Any CPU.Build.0 = Debug|Any CPU
		{CA8EADB5-38D8-4AF8-B530-EE9CE8FA2897}.Release|Any CPU.ActiveCfg = Release|Any CPU
		{CA8EADB5-38D8-4AF8-B530-EE9CE8FA2897}.Release|Any CPU.Build.0 = Release|Any CPU
		{9C19DDDB-5BA4-4CFB-BED5-05330E3D6E5C}.Debug|Any CPU.ActiveCfg = Debug|Any CPU
		{9C19DDDB-5BA4-4CFB-BED5-05330E3D6E5C}.Debug|Any CPU.Build.0 = Debug|Any CPU
		{9C19DDDB-5BA4-4CFB-BED5-05330E3D6E5C}.Release|Any CPU.ActiveCfg = Release|Any CPU
		{9C19DDDB-5BA4-4CFB-BED5-05330E3D6E5C}.Release|Any CPU.Build.0 = Release|Any CPU
		{C79BECBA-E272-43ED-BDA1-F38C33545E8F}.Debug|Any CPU.ActiveCfg = Debug|Any CPU
		{C79BECBA-E272-43ED-BDA1-F38C33545E8F}.Debug|Any CPU.Build.0 = Debug|Any CPU
		{C79BECBA-E272-43ED-BDA1-F38C33545E8F}.Release|Any CPU.ActiveCfg = Release|Any CPU
		{C79BECBA-E272-43ED-BDA1-F38C33545E8F}.Release|Any CPU.Build.0 = Release|Any CPU
	EndGlobalSection
	GlobalSection(SolutionProperties) = preSolution
		HideSolutionNode = FALSE
	EndGlobalSection
	GlobalSection(ExtensibilityGlobals) = postSolution
		SolutionGuid = {BF943B9E-6045-4D7F-B3BC-EF070ECEA56E}
	EndGlobalSection
EndGlobal
